
Microsoft Visual Studio Solution File, Format Version 12.00
# Visual Studio Version 17
VisualStudioVersion = 17.0.32112.339
MinimumVisualStudioVersion = 10.0.40219.1
Project("{FAE04EC0-301F-11D3-BF4B-00C04F79EFBC}") = "TestAPI", "TestAPI\TestAPI.csproj", "{F86881CE-B86D-448B-A82E-50A4DDC3E934}"
EndProject
Global
	GlobalSection(SolutionConfigurationPlatforms) = preSolution
		Debug|Any CPU = Debug|Any CPU
		Release|Any CPU = Release|Any CPU
	EndGlobalSection
	GlobalSection(ProjectConfigurationPlatforms) = postSolution
		{F86881CE-B86D-448B-A82E-50A4DDC3E934}.Debug|Any CPU.ActiveCfg = Debug|Any CPU
		{F86881CE-B86D-448B-A82E-50A4DDC3E934}.Debug|Any CPU.Build.0 = Debug|Any CPU
		{F86881CE-B86D-448B-A82E-50A4DDC3E934}.Release|Any CPU.ActiveCfg = Release|Any CPU
		{F86881CE-B86D-448B-A82E-50A4DDC3E934}.Release|Any CPU.Build.0 = Release|Any CPU
	EndGlobalSection
	GlobalSection(SolutionProperties) = preSolution
		HideSolutionNode = FALSE
	EndGlobalSection
	GlobalSection(ExtensibilityGlobals) = postSolution
		SolutionGuid = {0810F929-EE28-4492-923E-0A2C9BE93519}
	EndGlobalSection
EndGlobal
